
Microsoft Visual Studio Solution File, Format Version 12.00
# Visual Studio Version 17
VisualStudioVersion = 17.4.33213.308
MinimumVisualStudioVersion = 10.0.40219.1
Project("{FAE04EC0-301F-11D3-BF4B-00C04F79EFBC}") = "3", "3\3.csproj", "{8670E40E-41C0-4762-8BAE-067A628F155C}"
EndProject
Global
	GlobalSection(SolutionConfigurationPlatforms) = preSolution
		Debug|Any CPU = Debug|Any CPU
		Release|Any CPU = Release|Any CPU
	EndGlobalSection
	GlobalSection(ProjectConfigurationPlatforms) = postSolution
		{8670E40E-41C0-4762-8BAE-067A628F155C}.Debug|Any CPU.ActiveCfg = Debug|Any CPU
		{8670E40E-41C0-4762-8BAE-067A628F155C}.Debug|Any CPU.Build.0 = Debug|Any CPU
		{8670E40E-41C0-4762-8BAE-067A628F155C}.Release|Any CPU.ActiveCfg = Release|Any CPU
		{8670E40E-41C0-4762-8BAE-067A628F155C}.Release|Any CPU.Build.0 = Release|Any CPU
	EndGlobalSection
	GlobalSection(SolutionProperties) = preSolution
		HideSolutionNode = FALSE
	EndGlobalSection
	GlobalSection(ExtensibilityGlobals) = postSolution
		SolutionGuid = {9CA19914-7BC5-4E00-9E00-BCAA54E86AC2}
	EndGlobalSection
EndGlobal
